
Microsoft Visual Studio Solution File, Format Version 12.00
# Visual Studio Version 17
VisualStudioVersion = 17.3.32825.248
MinimumVisualStudioVersion = 10.0.40219.1
Project("{9A19103F-16F7-4668-BE54-9A1E7A4F7556}") = "AdventGamesWeb", "AdventGamesWeb\AdventGamesWeb.csproj", "{F7BD31A5-55ED-4A5F-9C42-0582A1243677}"
EndProject
Project("{9A19103F-16F7-4668-BE54-9A1E7A4F7556}") = "AdventGamesCore", "AdventGamesCore\AdventGamesCore.csproj", "{142861BD-CDCB-40A0-991E-B6052E7E3DB0}"
EndProject
Global
	GlobalSection(SolutionConfigurationPlatforms) = preSolution
		Debug|Any CPU = Debug|Any CPU
		Release|Any CPU = Release|Any CPU
	EndGlobalSection
	GlobalSection(ProjectConfigurationPlatforms) = postSolution
		{F7BD31A5-55ED-4A5F-9C42-0582A1243677}.Debug|Any CPU.ActiveCfg = Debug|Any CPU
		{F7BD31A5-55ED-4A5F-9C42-0582A1243677}.Debug|Any CPU.Build.0 = Debug|Any CPU
		{F7BD31A5-55ED-4A5F-9C42-0582A1243677}.Release|Any CPU.ActiveCfg = Release|Any CPU
		{F7BD31A5-55ED-4A5F-9C42-0582A1243677}.Release|Any CPU.Build.0 = Release|Any CPU
		{142861BD-CDCB-40A0-991E-B6052E7E3DB0}.Debug|Any CPU.ActiveCfg = Debug|Any CPU
		{142861BD-CDCB-40A0-991E-B6052E7E3DB0}.Debug|Any CPU.Build.0 = Debug|Any CPU
		{142861BD-CDCB-40A0-991E-B6052E7E3DB0}.Release|Any CPU.ActiveCfg = Release|Any CPU
		{142861BD-CDCB-40A0-991E-B6052E7E3DB0}.Release|Any CPU.Build.0 = Release|Any CPU
	EndGlobalSection
	GlobalSection(SolutionProperties) = preSolution
		HideSolutionNode = FALSE
	EndGlobalSection
	GlobalSection(ExtensibilityGlobals) = postSolution
		SolutionGuid = {5BA78AE0-985C-4E71-9DFE-94B2EB6DDB75}
	EndGlobalSection
EndGlobal
